<?xml version="1.0" encoding="utf-8"?>
<Project ToolsVersion="4.0" xmlns="http://schemas.microsoft.com/developer/msbuild/2003">
  <ItemGroup>
    <Filter Include="源文件">
      <UniqueIdentifier>{4FC737F1-C7A5-4376-A066-2A32D752A2FF}</UniqueIdentifier>
      <Extensions>cpp;c;cc;cxx;c++;cppm;ixx;def;odl;idl;hpj;bat;asm;asmx</Extensions>
    </Filter>
    <Filter Include="头文件">
      <UniqueIdentifier>{93995380-89BD-4b04-88EB-625FBE52EBFB}</UniqueIdentifier>
      <Extensions>h;hh;hpp;hxx;h++;hm;inl;inc;ipp;xsd</Extensions>
    </Filter>
    <Filter Include="资源文件">
      <UniqueIdentifier>{67DA6AB6-F800-4c08-8B7A-83BB121AAD01}</UniqueIdentifier>
      <Extensions>rc;ico;cur;bmp;dlg;rc2;rct;bin;rgs;gif;jpg;jpeg;jpe;resx;tiff;tif;png;wav;mfcribbon-ms</Extensions>
    </Filter>
    <Filter Include="头文件\objects">
      <UniqueIdentifier>{a409d16f-2b85-409f-a3fe-d0e2a03a7471}</UniqueIdentifier>
    </Filter>
    <Filter Include="头文件\utils">
      <UniqueIdentifier>{76b32535-affe-4c59-9a49-e0ab63382e50}</UniqueIdentifier>
    </Filter>
    <Filter Include="源文件\utils">
      <UniqueIdentifier>{b33a6913-1de9-4c8f-b265-e315ac715fa0}</UniqueIdentifier>
    </Filter>
    <Filter Include="源文件\objects">
      <UniqueIdentifier>{2d485291-11d2-41a9-b2ee-1168be8bc424}</UniqueIdentifier>
    </Filter>
  </ItemGroup>
  <ItemGroup>
    <ClCompile Include="src\main.c">
      <Filter>源文件</Filter>
    </ClCompile>
    <ClCompile Include="src\objects\inventory.c">
      <Filter>源文件\objects</Filter>
    </ClCompile>
    <ClCompile Include="src\objects\list.c">
      <Filter>源文件\objects</Filter>
    </ClCompile>
    <ClCompile Include="src\inv_manage.c">
      <Filter>源文件</Filter>
    </ClCompile>
    <ClCompile Include="src\objects\record.c">
      <Filter>源文件\objects</Filter>
    </ClCompile>
    <ClCompile Include="src\UI.c">
      <Filter>源文件</Filter>
    </ClCompile>
    <ClCompile Include="src\homepage.c">
      <Filter>源文件</Filter>
    </ClCompile>
    <ClCompile Include="src\sale.c">
      <Filter>源文件</Filter>
    </ClCompile>
    <ClCompile Include="src\objects\renderer.c">
      <Filter>源文件\objects</Filter>
    </ClCompile>
    <ClCompile Include="src\sale_plan_manage.c">
      <Filter>源文件</Filter>
    </ClCompile>
    <ClCompile Include="src\objects\sale_plan.c">
      <Filter>源文件\objects</Filter>
    </ClCompile>
    <ClCompile Include="src\timer.c">
      <Filter>源文件\objects</Filter>
    </ClCompile>
    <ClCompile Include="src\objects\finance.c">
      <Filter>源文件\objects</Filter>
    </ClCompile>
    <ClCompile Include="src\statistic.c">
      <Filter>源文件</Filter>
    </ClCompile>
    <ClCompile Include="src\utils\data_storage.c">
      <Filter>源文件\utils</Filter>
    </ClCompile>
    <ClCompile Include="src\utils\sha256.c">
      <Filter>源文件\utils</Filter>
    </ClCompile>
    <ClCompile Include="src\system_manage.c">
      <Filter>源文件</Filter>
    </ClCompile>
  </ItemGroup>
  <ItemGroup>
    <ClInclude Include="include\sale.h">
      <Filter>头文件</Filter>
    </ClInclude>
    <ClInclude Include="include\UI.h">
      <Filter>头文件</Filter>
    </ClInclude>
    <ClInclude Include="include\statistics.h">
      <Filter>头文件</Filter>
    </ClInclude>
    <ClInclude Include="include\objects\inventory.h">
      <Filter>头文件\objects</Filter>
    </ClInclude>
    <ClInclude Include="include\objects\list.h">
      <Filter>头文件\objects</Filter>
    </ClInclude>
    <ClInclude Include="include\objects\sale_plan.h">
      <Filter>头文件\objects</Filter>
    </ClInclude>
    <ClInclude Include="include\objects\product.h">
      <Filter>头文件\objects</Filter>
    </ClInclude>
    <ClInclude Include="include\objects\record.h">
      <Filter>头文件\objects</Filter>
    </ClInclude>
    <ClInclude Include="include\homepage.h">
      <Filter>头文件</Filter>
    </ClInclude>
    <ClInclude Include="include\objects\fvm_objects.h">
      <Filter>头文件\objects</Filter>
    </ClInclude>
    <ClInclude Include="include\inv_manage.h">
      <Filter>头文件</Filter>
    </ClInclude>
    <ClInclude Include="include\objects\renderer.h">
      <Filter>头文件\objects</Filter>
    </ClInclude>
    <ClInclude Include="include\sale_plan_manage.h">
      <Filter>头文件</Filter>
    </ClInclude>
    <ClInclude Include="include\objects\timer.h">
      <Filter>头文件\objects</Filter>
    </ClInclude>
    <ClInclude Include="include\objects\finance.h">
      <Filter>头文件\objects</Filter>
    </ClInclude>
    <ClInclude Include="include\utils\data_storage.h">
      <Filter>头文件\utils</Filter>
    </ClInclude>
    <ClInclude Include="include\utils\sha256.h">
      <Filter>头文件\utils</Filter>
    </ClInclude>
    <ClInclude Include="include\system_manage.h">
      <Filter>头文件</Filter>
    </ClInclude>
  </ItemGroup>
  <ItemGroup>
    <None Include="ClassDiagram.cd" />
  </ItemGroup>
</Project>